// !$*UTF8*$!
{
	archiveVersion = 1;
	classes = {
	};
	objectVersion = 54;
	objects = {

/* Begin PBXBuildFile section */
		079F1318A8584B1939E4E3FE /* HiAirApp.swift in Sources */ = {isa = PBXBuildFile; fileRef = 9BD707A08B6657EF85395B26 /* HiAirApp.swift */; };
		109B405F444AF575F03F5933 /* OnboardingView.swift in Sources */ = {isa = PBXBuildFile; fileRef = C4B6014D57E717DDEFDA1D47 /* OnboardingView.swift */; };
		15B3428B7D5EA741B31BF704 /* RiskModels.swift in Sources */ = {isa = PBXBuildFile; fileRef = E5D318EFA32CAF512F14BCAD /* RiskModels.swift */; };
		1E08E28221A8D5D1C20D4941 /* Assets.xcassets in Resources */ = {isa = PBXBuildFile; fileRef = F5F4A846E176862AF8006820 /* Assets.xcassets */; };
		1E1AE86A24B33D667114E29C /* SubscriptionServiceTests.swift in Sources */ = {isa = PBXBuildFile; fileRef = E51B8943BC3F02E49B7FB4D0 /* SubscriptionServiceTests.swift */; };
		1FCA405F4A8DD8232D2646E9 /* AuthView.swift in Sources */ = {isa = PBXBuildFile; fileRef = F189463A81578D7DA02A429B /* AuthView.swift */; };
		2F0374CE92BBDF7A80EC07B2 /* AppSessionTests.swift in Sources */ = {isa = PBXBuildFile; fileRef = 3CE1D6F2C6C90D8A4CA6C8D7 /* AppSessionTests.swift */; };
		3FB8472EE51B0BBBBDC834DF /* DailyPlannerView.swift in Sources */ = {isa = PBXBuildFile; fileRef = D67EAE1A22084EFF9B3310D5 /* DailyPlannerView.swift */; };
		495E02E3BAC0F3A167563E5C /* SymptomLogView.swift in Sources */ = {isa = PBXBuildFile; fileRef = 030CBAFA89BD721FF0066134 /* SymptomLogView.swift */; };
		4D84DF0F1974CDEEF384A0F9 /* HiAirSpacing.swift in Sources */ = {isa = PBXBuildFile; fileRef = C19DE8CB0A73BCBFB52D37CE /* HiAirSpacing.swift */; };
		543BC79133D25680DCFBB795 /* RootTabView.swift in Sources */ = {isa = PBXBuildFile; fileRef = 8833EA8341D4356991598891 /* RootTabView.swift */; };
		550CBAA0A4AFAC40875193A8 /* Supabase in Frameworks */ = {isa = PBXBuildFile; productRef = 24FF1ECAE002D133CC37DB22 /* Supabase */; };
		5740C62DFDE5A26DFA327001 /* SettingsView.swift in Sources */ = {isa = PBXBuildFile; fileRef = 35D1E2C509CFB15ACA399B3D /* SettingsView.swift */; };
		5B71DE90A4457E575BBEC07C /* HiAirMotion.swift in Sources */ = {isa = PBXBuildFile; fileRef = FB46A64A9D06988894EB3978 /* HiAirMotion.swift */; };
		622F96C121C55BFEDC2ACA92 /* KeychainStore.swift in Sources */ = {isa = PBXBuildFile; fileRef = DD5E2B65A2779082CBA2B644 /* KeychainStore.swift */; };
		714BB4A2D60C45C93C508CFD /* PaywallView.swift in Sources */ = {isa = PBXBuildFile; fileRef = 473FF9ADA6A471A1B256FE84 /* PaywallView.swift */; };
		72B9B45CCF3D3E3C7E8A99B4 /* HiAirResponsiveSpacing.swift in Sources */ = {isa = PBXBuildFile; fileRef = 1799C91CB76C7ED1CD7E9FDB /* HiAirResponsiveSpacing.swift */; };
		7642D4EC715458CE46C68EFB /* HealthKitService.swift in Sources */ = {isa = PBXBuildFile; fileRef = 5BF8C26F2C4679F0DFB2F62E /* HealthKitService.swift */; };
		841C3D6FD329442C7C057429 /* AtmosphericParticles.swift in Sources */ = {isa = PBXBuildFile; fileRef = 9EADDAA7388600A083B23465 /* AtmosphericParticles.swift */; };
		8C7E9E65CF3BC8D45B3E8274 /* LaunchScreen.storyboard in Resources */ = {isa = PBXBuildFile; fileRef = 6B1CF7645DD4B0B92F0CA11F /* LaunchScreen.storyboard */; };
		8EDC00DAEBE8A55D78D3E807 /* HiAirComponents.swift in Sources */ = {isa = PBXBuildFile; fileRef = 00BEEF483B33FAEC14EFDD21 /* HiAirComponents.swift */; };
		91795075F03EB3F0A75F008E /* HiAirRiskStyle.swift in Sources */ = {isa = PBXBuildFile; fileRef = 2EB3578D28A74CD1CFB80995 /* HiAirRiskStyle.swift */; };
		950FC2F499655961DDEFA56A /* HiAirPremium.storekit in Resources */ = {isa = PBXBuildFile; fileRef = 58B07551915E7C0571623EC9 /* HiAirPremium.storekit */; };
		9FE7D02DC3FF7325D197975D /* TimeOfDayBackground.swift in Sources */ = {isa = PBXBuildFile; fileRef = A0B75F7FAF52543E6F33F582 /* TimeOfDayBackground.swift */; };
		A0CA86795A1CC3231558309F /* InsightsView.swift in Sources */ = {isa = PBXBuildFile; fileRef = FDED16BD25D90EB9CF5D8303 /* InsightsView.swift */; };
		A926FA88A521C2D6C60E7C1C /* HiAirRadius.swift in Sources */ = {isa = PBXBuildFile; fileRef = DEFB8686609633E1DFCD4196 /* HiAirRadius.swift */; };
		A9F0AF0840E59506B4791F07 /* HiAirScreenMetrics.swift in Sources */ = {isa = PBXBuildFile; fileRef = 4A454EB07D85907CF969834B /* HiAirScreenMetrics.swift */; };
		AAEBA1D053A217B36A8011EC /* hiair-ai-guide-avatar.png in Resources */ = {isa = PBXBuildFile; fileRef = 0A2CAE228241EA1938B7BC3D /* hiair-ai-guide-avatar.png */; };
		AD9AD357F8420DAA0412AB53 /* HiAirTypography.swift in Sources */ = {isa = PBXBuildFile; fileRef = FE64CFDB46618584BD806249 /* HiAirTypography.swift */; };
		B5875FBC5C5B3032EE02124A /* RiskAccentColor.swift in Sources */ = {isa = PBXBuildFile; fileRef = 51E66A00598B11116F22A217 /* RiskAccentColor.swift */; };
		BA5EEFEA16CA6962363CB004 /* DashboardView.swift in Sources */ = {isa = PBXBuildFile; fileRef = 3067FB46BAFE989CA0A16E0E /* DashboardView.swift */; };
		BF994356A47D50BB6E84B94C /* WearableConsentView.swift in Sources */ = {isa = PBXBuildFile; fileRef = 097CA85FB80A297417CADC70 /* WearableConsentView.swift */; };
		E28D30B53EBF55C4AD19399C /* HiAirShadow.swift in Sources */ = {isa = PBXBuildFile; fileRef = BDCAAB0F752D4878B739FE9A /* HiAirShadow.swift */; };
		E3FD1B7D4C89BE80F522389A /* HiAirV2Theme.swift in Sources */ = {isa = PBXBuildFile; fileRef = E040EF10D98811C8A05BAB8D /* HiAirV2Theme.swift */; };
		EBE8A6456ECE0DB5528DE9A7 /* AppSession.swift in Sources */ = {isa = PBXBuildFile; fileRef = D9D61A692A21F8137C8C9A0A /* AppSession.swift */; };
		EDD042ACAB5408F840DA10C9 /* Tokens.swift in Sources */ = {isa = PBXBuildFile; fileRef = 7E043E3C54AF656C2AE3DAF0 /* Tokens.swift */; };
		F7796D20327E2DEB59780003 /* SubscriptionService.swift in Sources */ = {isa = PBXBuildFile; fileRef = A995EC21CCEE6CB54421DDCF /* SubscriptionService.swift */; };
		F8E4E8CD814CCB27DA50948D /* HiAirColors.swift in Sources */ = {isa = PBXBuildFile; fileRef = 606F94F2339205445B9E3E37 /* HiAirColors.swift */; };
		F9902B01523BE5FF472F880D /* HiAirGradients.swift in Sources */ = {isa = PBXBuildFile; fileRef = E78DD9D4821EF0A22A2303FD /* HiAirGradients.swift */; };
		FD5992A72A475C761562967F /* APIClient.swift in Sources */ = {isa = PBXBuildFile; fileRef = C556E4BD33D299DF71C4B0E6 /* APIClient.swift */; };
		FDB44A73E28090FC8862D9F9 /* HiAirLaunchView.swift in Sources */ = {isa = PBXBuildFile; fileRef = 6183833DB60B26DF8F99DF12 /* HiAirLaunchView.swift */; };
/* End PBXBuildFile section */

/* Begin PBXContainerItemProxy section */
		286CEACA5D460563DF4D83E7 /* PBXContainerItemProxy */ = {
			isa = PBXContainerItemProxy;
			containerPortal = 9DC4C2CEB0ECF82D8DDBA8FF /* Project object */;
			proxyType = 1;
			remoteGlobalIDString = DB78423E5A04CC3DD24EC47D;
			remoteInfo = HiAir;
		};
/* End PBXContainerItemProxy section */

/* Begin PBXFileReference section */
		00BEEF483B33FAEC14EFDD21 /* HiAirComponents.swift */ = {isa = PBXFileReference; lastKnownFileType = sourcecode.swift; path = HiAirComponents.swift; sourceTree = "<group>"; };
		030CBAFA89BD721FF0066134 /* SymptomLogView.swift */ = {isa = PBXFileReference; lastKnownFileType = sourcecode.swift; path = SymptomLogView.swift; sourceTree = "<group>"; };
		097CA85FB80A297417CADC70 /* WearableConsentView.swift */ = {isa = PBXFileReference; lastKnownFileType = sourcecode.swift; path = WearableConsentView.swift; sourceTree = "<group>"; };
		0A2CAE228241EA1938B7BC3D /* hiair-ai-guide-avatar.png */ = {isa = PBXFileReference; lastKnownFileType = image.png; path = "hiair-ai-guide-avatar.png"; sourceTree = "<group>"; };
		1799C91CB76C7ED1CD7E9FDB /* HiAirResponsiveSpacing.swift */ = {isa = PBXFileReference; lastKnownFileType = sourcecode.swift; path = HiAirResponsiveSpacing.swift; sourceTree = "<group>"; };
		28B3153C0DFB174EE1946E54 /* HiAir.entitlements */ = {isa = PBXFileReference; lastKnownFileType = text.plist.entitlements; path = HiAir.entitlements; sourceTree = "<group>"; };
		2EB3578D28A74CD1CFB80995 /* HiAirRiskStyle.swift */ = {isa = PBXFileReference; lastKnownFileType = sourcecode.swift; path = HiAirRiskStyle.swift; sourceTree = "<group>"; };
		3067FB46BAFE989CA0A16E0E /* DashboardView.swift */ = {isa = PBXFileReference; lastKnownFileType = sourcecode.swift; path = DashboardView.swift; sourceTree = "<group>"; };
		35D1E2C509CFB15ACA399B3D /* SettingsView.swift */ = {isa = PBXFileReference; lastKnownFileType = sourcecode.swift; path = SettingsView.swift; sourceTree = "<group>"; };
		3CE1D6F2C6C90D8A4CA6C8D7 /* AppSessionTests.swift */ = {isa = PBXFileReference; lastKnownFileType = sourcecode.swift; path = AppSessionTests.swift; sourceTree = "<group>"; };
		473FF9ADA6A471A1B256FE84 /* PaywallView.swift */ = {isa = PBXFileReference; lastKnownFileType = sourcecode.swift; path = PaywallView.swift; sourceTree = "<group>"; };
		4A454EB07D85907CF969834B /* HiAirScreenMetrics.swift */ = {isa = PBXFileReference; lastKnownFileType = sourcecode.swift; path = HiAirScreenMetrics.swift; sourceTree = "<group>"; };
		51E66A00598B11116F22A217 /* RiskAccentColor.swift */ = {isa = PBXFileReference; lastKnownFileType = sourcecode.swift; path = RiskAccentColor.swift; sourceTree = "<group>"; };
		58B07551915E7C0571623EC9 /* HiAirPremium.storekit */ = {isa = PBXFileReference; path = HiAirPremium.storekit; sourceTree = "<group>"; };
		5BF8C26F2C4679F0DFB2F62E /* HealthKitService.swift */ = {isa = PBXFileReference; lastKnownFileType = sourcecode.swift; path = HealthKitService.swift; sourceTree = "<group>"; };
		5D79B00DF93EE905C5824D90 /* HiAir.app */ = {isa = PBXFileReference; includeInIndex = 0; lastKnownFileType = wrapper.application; path = HiAir.app; sourceTree = BUILT_PRODUCTS_DIR; };
		606F94F2339205445B9E3E37 /* HiAirColors.swift */ = {isa = PBXFileReference; lastKnownFileType = sourcecode.swift; path = HiAirColors.swift; sourceTree = "<group>"; };
		6183833DB60B26DF8F99DF12 /* HiAirLaunchView.swift */ = {isa = PBXFileReference; lastKnownFileType = sourcecode.swift; path = HiAirLaunchView.swift; sourceTree = "<group>"; };
		6B1CF7645DD4B0B92F0CA11F /* LaunchScreen.storyboard */ = {isa = PBXFileReference; lastKnownFileType = file.storyboard; path = LaunchScreen.storyboard; sourceTree = "<group>"; };
		7E043E3C54AF656C2AE3DAF0 /* Tokens.swift */ = {isa = PBXFileReference; lastKnownFileType = sourcecode.swift; path = Tokens.swift; sourceTree = "<group>"; };
		8833EA8341D4356991598891 /* RootTabView.swift */ = {isa = PBXFileReference; lastKnownFileType = sourcecode.swift; path = RootTabView.swift; sourceTree = "<group>"; };
		93EEF3FD465B8193BE67529E /* HiAirTests.xctest */ = {isa = PBXFileReference; includeInIndex = 0; lastKnownFileType = wrapper.cfbundle; path = HiAirTests.xctest; sourceTree = BUILT_PRODUCTS_DIR; };
		9BD707A08B6657EF85395B26 /* HiAirApp.swift */ = {isa = PBXFileReference; lastKnownFileType = sourcecode.swift; path = HiAirApp.swift; sourceTree = "<group>"; };
		9EADDAA7388600A083B23465 /* AtmosphericParticles.swift */ = {isa = PBXFileReference; lastKnownFileType = sourcecode.swift; path = AtmosphericParticles.swift; sourceTree = "<group>"; };
		A0B75F7FAF52543E6F33F582 /* TimeOfDayBackground.swift */ = {isa = PBXFileReference; lastKnownFileType = sourcecode.swift; path = TimeOfDayBackground.swift; sourceTree = "<group>"; };
		A995EC21CCEE6CB54421DDCF /* SubscriptionService.swift */ = {isa = PBXFileReference; lastKnownFileType = sourcecode.swift; path = SubscriptionService.swift; sourceTree = "<group>"; };
		BDCAAB0F752D4878B739FE9A /* HiAirShadow.swift */ = {isa = PBXFileReference; lastKnownFileType = sourcecode.swift; path = HiAirShadow.swift; sourceTree = "<group>"; };
		C19DE8CB0A73BCBFB52D37CE /* HiAirSpacing.swift */ = {isa = PBXFileReference; lastKnownFileType = sourcecode.swift; path = HiAirSpacing.swift; sourceTree = "<group>"; };
		C4B6014D57E717DDEFDA1D47 /* OnboardingView.swift */ = {isa = PBXFileReference; lastKnownFileType = sourcecode.swift; path = OnboardingView.swift; sourceTree = "<group>"; };
		C556E4BD33D299DF71C4B0E6 /* APIClient.swift */ = {isa = PBXFileReference; lastKnownFileType = sourcecode.swift; path = APIClient.swift; sourceTree = "<group>"; };
		D67EAE1A22084EFF9B3310D5 /* DailyPlannerView.swift */ = {isa = PBXFileReference; lastKnownFileType = sourcecode.swift; path = DailyPlannerView.swift; sourceTree = "<group>"; };
		D9D61A692A21F8137C8C9A0A /* AppSession.swift */ = {isa = PBXFileReference; lastKnownFileType = sourcecode.swift; path = AppSession.swift; sourceTree = "<group>"; };
		DD5E2B65A2779082CBA2B644 /* KeychainStore.swift */ = {isa = PBXFileReference; lastKnownFileType = sourcecode.swift; path = KeychainStore.swift; sourceTree = "<group>"; };
		DEFB8686609633E1DFCD4196 /* HiAirRadius.swift */ = {isa = PBXFileReference; lastKnownFileType = sourcecode.swift; path = HiAirRadius.swift; sourceTree = "<group>"; };
		E040EF10D98811C8A05BAB8D /* HiAirV2Theme.swift */ = {isa = PBXFileReference; lastKnownFileType = sourcecode.swift; path = HiAirV2Theme.swift; sourceTree = "<group>"; };
		E51B8943BC3F02E49B7FB4D0 /* SubscriptionServiceTests.swift */ = {isa = PBXFileReference; lastKnownFileType = sourcecode.swift; path = SubscriptionServiceTests.swift; sourceTree = "<group>"; };
		E5D318EFA32CAF512F14BCAD /* RiskModels.swift */ = {isa = PBXFileReference; lastKnownFileType = sourcecode.swift; path = RiskModels.swift; sourceTree = "<group>"; };
		E78DD9D4821EF0A22A2303FD /* HiAirGradients.swift */ = {isa = PBXFileReference; lastKnownFileType = sourcecode.swift; path = HiAirGradients.swift; sourceTree = "<group>"; };
		F189463A81578D7DA02A429B /* AuthView.swift */ = {isa = PBXFileReference; lastKnownFileType = sourcecode.swift; path = AuthView.swift; sourceTree = "<group>"; };
		F5F4A846E176862AF8006820 /* Assets.xcassets */ = {isa = PBXFileReference; lastKnownFileType = folder.assetcatalog; path = Assets.xcassets; sourceTree = "<group>"; };
		FB46A64A9D06988894EB3978 /* HiAirMotion.swift */ = {isa = PBXFileReference; lastKnownFileType = sourcecode.swift; path = HiAirMotion.swift; sourceTree = "<group>"; };
		FDED16BD25D90EB9CF5D8303 /* InsightsView.swift */ = {isa = PBXFileReference; lastKnownFileType = sourcecode.swift; path = InsightsView.swift; sourceTree = "<group>"; };
		FE64CFDB46618584BD806249 /* HiAirTypography.swift */ = {isa = PBXFileReference; lastKnownFileType = sourcecode.swift; path = HiAirTypography.swift; sourceTree = "<group>"; };
/* End PBXFileReference section */

/* Begin PBXFrameworksBuildPhase section */
		082E9973BB2FF0F010A5E377 /* Frameworks */ = {
			isa = PBXFrameworksBuildPhase;
			buildActionMask = 2147483647;
			files = (
				550CBAA0A4AFAC40875193A8 /* Supabase in Frameworks */,
			);
			runOnlyForDeploymentPostprocessing = 0;
		};
/* End PBXFrameworksBuildPhase section */

/* Begin PBXGroup section */
		13361C91597A147BE3EB4C64 /* HiAir */ = {
			isa = PBXGroup;
			children = (
				D9D61A692A21F8137C8C9A0A /* AppSession.swift */,
				F5F4A846E176862AF8006820 /* Assets.xcassets */,
				28B3153C0DFB174EE1946E54 /* HiAir.entitlements */,
				9BD707A08B6657EF85395B26 /* HiAirApp.swift */,
				DD5E2B65A2779082CBA2B644 /* KeychainStore.swift */,
				6B1CF7645DD4B0B92F0CA11F /* LaunchScreen.storyboard */,
				E24EEAFCE9B215FCD6269F08 /* Assets */,
				1D7F9687F1AD9E1C291987E7 /* Configuration */,
				9640182DCA01F1103308A078 /* DesignSystem */,
				CCCC2230FAE0D5FAC8C9C4DB /* Models */,
				D6817796DBAD8BF3B3C5061A /* Networking */,
				F54A7392756BC05965EECA7B /* Screens */,
				44081BA213CBBF235EE42331 /* Services */,
			);
			path = HiAir;
			sourceTree = "<group>";
		};
		1D7F9687F1AD9E1C291987E7 /* Configuration */ = {
			isa = PBXGroup;
			children = (
				58B07551915E7C0571623EC9 /* HiAirPremium.storekit */,
			);
			path = Configuration;
			sourceTree = "<group>";
		};
		33529DB2F9BE76E8B2A9223A = {
			isa = PBXGroup;
			children = (
				13361C91597A147BE3EB4C64 /* HiAir */,
				9DE003DFABF7723A564DEEF2 /* HiAirTests */,
				D3EF8B731996E2DD6D0E88F5 /* Products */,
			);
			sourceTree = "<group>";
		};
		44081BA213CBBF235EE42331 /* Services */ = {
			isa = PBXGroup;
			children = (
				5BF8C26F2C4679F0DFB2F62E /* HealthKitService.swift */,
				A995EC21CCEE6CB54421DDCF /* SubscriptionService.swift */,
			);
			path = Services;
			sourceTree = "<group>";
		};
		9640182DCA01F1103308A078 /* DesignSystem */ = {
			isa = PBXGroup;
			children = (
				606F94F2339205445B9E3E37 /* HiAirColors.swift */,
				00BEEF483B33FAEC14EFDD21 /* HiAirComponents.swift */,
				E78DD9D4821EF0A22A2303FD /* HiAirGradients.swift */,
				FB46A64A9D06988894EB3978 /* HiAirMotion.swift */,
				DEFB8686609633E1DFCD4196 /* HiAirRadius.swift */,
				1799C91CB76C7ED1CD7E9FDB /* HiAirResponsiveSpacing.swift */,
				2EB3578D28A74CD1CFB80995 /* HiAirRiskStyle.swift */,
				4A454EB07D85907CF969834B /* HiAirScreenMetrics.swift */,
				BDCAAB0F752D4878B739FE9A /* HiAirShadow.swift */,
				C19DE8CB0A73BCBFB52D37CE /* HiAirSpacing.swift */,
				FE64CFDB46618584BD806249 /* HiAirTypography.swift */,
				51E66A00598B11116F22A217 /* RiskAccentColor.swift */,
				A0B75F7FAF52543E6F33F582 /* TimeOfDayBackground.swift */,
				7E043E3C54AF656C2AE3DAF0 /* Tokens.swift */,
			);
			path = DesignSystem;
			sourceTree = "<group>";
		};
		9DE003DFABF7723A564DEEF2 /* HiAirTests */ = {
			isa = PBXGroup;
			children = (
				3CE1D6F2C6C90D8A4CA6C8D7 /* AppSessionTests.swift */,
				E51B8943BC3F02E49B7FB4D0 /* SubscriptionServiceTests.swift */,
			);
			path = HiAirTests;
			sourceTree = "<group>";
		};
		CCCC2230FAE0D5FAC8C9C4DB /* Models */ = {
			isa = PBXGroup;
			children = (
				E5D318EFA32CAF512F14BCAD /* RiskModels.swift */,
			);
			path = Models;
			sourceTree = "<group>";
		};
		D3EF8B731996E2DD6D0E88F5 /* Products */ = {
			isa = PBXGroup;
			children = (
				5D79B00DF93EE905C5824D90 /* HiAir.app */,
				93EEF3FD465B8193BE67529E /* HiAirTests.xctest */,
			);
			name = Products;
			sourceTree = "<group>";
		};
		D6817796DBAD8BF3B3C5061A /* Networking */ = {
			isa = PBXGroup;
			children = (
				C556E4BD33D299DF71C4B0E6 /* APIClient.swift */,
			);
			path = Networking;
			sourceTree = "<group>";
		};
		E24EEAFCE9B215FCD6269F08 /* Assets */ = {
			isa = PBXGroup;
			children = (
				0A2CAE228241EA1938B7BC3D /* hiair-ai-guide-avatar.png */,
			);
			path = Assets;
			sourceTree = "<group>";
		};
		F54A7392756BC05965EECA7B /* Screens */ = {
			isa = PBXGroup;
			children = (
				9EADDAA7388600A083B23465 /* AtmosphericParticles.swift */,
				F189463A81578D7DA02A429B /* AuthView.swift */,
				D67EAE1A22084EFF9B3310D5 /* DailyPlannerView.swift */,
				3067FB46BAFE989CA0A16E0E /* DashboardView.swift */,
				6183833DB60B26DF8F99DF12 /* HiAirLaunchView.swift */,
				E040EF10D98811C8A05BAB8D /* HiAirV2Theme.swift */,
				FDED16BD25D90EB9CF5D8303 /* InsightsView.swift */,
				C4B6014D57E717DDEFDA1D47 /* OnboardingView.swift */,
				473FF9ADA6A471A1B256FE84 /* PaywallView.swift */,
				8833EA8341D4356991598891 /* RootTabView.swift */,
				35D1E2C509CFB15ACA399B3D /* SettingsView.swift */,
				030CBAFA89BD721FF0066134 /* SymptomLogView.swift */,
				097CA85FB80A297417CADC70 /* WearableConsentView.swift */,
			);
			path = Screens;
			sourceTree = "<group>";
		};
/* End PBXGroup section */

/* Begin PBXNativeTarget section */
		D1796A2DC5E6652352CAA189 /* HiAirTests */ = {
			isa = PBXNativeTarget;
			buildConfigurationList = 23A6D3CBF2530C8575A3D5F9 /* Build configuration list for PBXNativeTarget "HiAirTests" */;
			buildPhases = (
				99EEA1915111AFA303D2587E /* Sources */,
			);
			buildRules = (
			);
			dependencies = (
				B0DD664084610EC811A455F5 /* PBXTargetDependency */,
			);
			name = HiAirTests;
			productName = HiAirTests;
			productReference = 93EEF3FD465B8193BE67529E /* HiAirTests.xctest */;
			productType = "com.apple.product-type.bundle.unit-test";
		};
		DB78423E5A04CC3DD24EC47D /* HiAir */ = {
			isa = PBXNativeTarget;
			buildConfigurationList = E3CC3305944485FBAF025122 /* Build configuration list for PBXNativeTarget "HiAir" */;
			buildPhases = (
				A57711667BAF258B49AFFE41 /* Sources */,
				A5E8F81E1C6A8ACBEC5C18CC /* Resources */,
				082E9973BB2FF0F010A5E377 /* Frameworks */,
			);
			buildRules = (
			);
			dependencies = (
			);
			name = HiAir;
			packageProductDependencies = (
				24FF1ECAE002D133CC37DB22 /* Supabase */,
			);
			productName = HiAir;
			productReference = 5D79B00DF93EE905C5824D90 /* HiAir.app */;
			productType = "com.apple.product-type.application";
		};
/* End PBXNativeTarget section */

/* Begin PBXProject section */
		9DC4C2CEB0ECF82D8DDBA8FF /* Project object */ = {
			isa = PBXProject;
			attributes = {
				BuildIndependentTargetsInParallel = YES;
				LastUpgradeCheck = 1430;
				TargetAttributes = {
					DB78423E5A04CC3DD24EC47D = {
						DevelopmentTeam = 43A4KW5BKB;
						ProvisioningStyle = Automatic;
					};
				};
			};
			buildConfigurationList = 5BA18F77F6BDEA3C28B32B5F /* Build configuration list for PBXProject "HiAir" */;
			compatibilityVersion = "Xcode 14.0";
			developmentRegion = en;
			hasScannedForEncodings = 0;
			knownRegions = (
				Base,
				en,
			);
			mainGroup = 33529DB2F9BE76E8B2A9223A;
			packageReferences = (
				5C7BA46821D6ADF33E9C5438 /* XCRemoteSwiftPackageReference "supabase-swift" */,
			);
			projectDirPath = "";
			projectRoot = "";
			targets = (
				DB78423E5A04CC3DD24EC47D /* HiAir */,
				D1796A2DC5E6652352CAA189 /* HiAirTests */,
			);
		};
/* End PBXProject section */

/* Begin PBXResourcesBuildPhase section */
		A5E8F81E1C6A8ACBEC5C18CC /* Resources */ = {
			isa = PBXResourcesBuildPhase;
			buildActionMask = 2147483647;
			files = (
				1E08E28221A8D5D1C20D4941 /* Assets.xcassets in Resources */,
				950FC2F499655961DDEFA56A /* HiAirPremium.storekit in Resources */,
				8C7E9E65CF3BC8D45B3E8274 /* LaunchScreen.storyboard in Resources */,
				AAEBA1D053A217B36A8011EC /* hiair-ai-guide-avatar.png in Resources */,
			);
			runOnlyForDeploymentPostprocessing = 0;
		};
/* End PBXResourcesBuildPhase section */

/* Begin PBXSourcesBuildPhase section */
		99EEA1915111AFA303D2587E /* Sources */ = {
			isa = PBXSourcesBuildPhase;
			buildActionMask = 2147483647;
			files = (
				2F0374CE92BBDF7A80EC07B2 /* AppSessionTests.swift in Sources */,
				1E1AE86A24B33D667114E29C /* SubscriptionServiceTests.swift in Sources */,
			);
			runOnlyForDeploymentPostprocessing = 0;
		};
		A57711667BAF258B49AFFE41 /* Sources */ = {
			isa = PBXSourcesBuildPhase;
			buildActionMask = 2147483647;
			files = (
				FD5992A72A475C761562967F /* APIClient.swift in Sources */,
				EBE8A6456ECE0DB5528DE9A7 /* AppSession.swift in Sources */,
				841C3D6FD329442C7C057429 /* AtmosphericParticles.swift in Sources */,
				1FCA405F4A8DD8232D2646E9 /* AuthView.swift in Sources */,
				3FB8472EE51B0BBBBDC834DF /* DailyPlannerView.swift in Sources */,
				BA5EEFEA16CA6962363CB004 /* DashboardView.swift in Sources */,
				7642D4EC715458CE46C68EFB /* HealthKitService.swift in Sources */,
				079F1318A8584B1939E4E3FE /* HiAirApp.swift in Sources */,
				F8E4E8CD814CCB27DA50948D /* HiAirColors.swift in Sources */,
				8EDC00DAEBE8A55D78D3E807 /* HiAirComponents.swift in Sources */,
				F9902B01523BE5FF472F880D /* HiAirGradients.swift in Sources */,
				FDB44A73E28090FC8862D9F9 /* HiAirLaunchView.swift in Sources */,
				5B71DE90A4457E575BBEC07C /* HiAirMotion.swift in Sources */,
				A926FA88A521C2D6C60E7C1C /* HiAirRadius.swift in Sources */,
				72B9B45CCF3D3E3C7E8A99B4 /* HiAirResponsiveSpacing.swift in Sources */,
				91795075F03EB3F0A75F008E /* HiAirRiskStyle.swift in Sources */,
				A9F0AF0840E59506B4791F07 /* HiAirScreenMetrics.swift in Sources */,
				E28D30B53EBF55C4AD19399C /* HiAirShadow.swift in Sources */,
				4D84DF0F1974CDEEF384A0F9 /* HiAirSpacing.swift in Sources */,
				AD9AD357F8420DAA0412AB53 /* HiAirTypography.swift in Sources */,
				E3FD1B7D4C89BE80F522389A /* HiAirV2Theme.swift in Sources */,
				A0CA86795A1CC3231558309F /* InsightsView.swift in Sources */,
				622F96C121C55BFEDC2ACA92 /* KeychainStore.swift in Sources */,
				109B405F444AF575F03F5933 /* OnboardingView.swift in Sources */,
				714BB4A2D60C45C93C508CFD /* PaywallView.swift in Sources */,
				B5875FBC5C5B3032EE02124A /* RiskAccentColor.swift in Sources */,
				15B3428B7D5EA741B31BF704 /* RiskModels.swift in Sources */,
				543BC79133D25680DCFBB795 /* RootTabView.swift in Sources */,
				5740C62DFDE5A26DFA327001 /* SettingsView.swift in Sources */,
				F7796D20327E2DEB59780003 /* SubscriptionService.swift in Sources */,
				495E02E3BAC0F3A167563E5C /* SymptomLogView.swift in Sources */,
				9FE7D02DC3FF7325D197975D /* TimeOfDayBackground.swift in Sources */,
				EDD042ACAB5408F840DA10C9 /* Tokens.swift in Sources */,
				BF994356A47D50BB6E84B94C /* WearableConsentView.swift in Sources */,
			);
			runOnlyForDeploymentPostprocessing = 0;
		};
/* End PBXSourcesBuildPhase section */

/* Begin PBXTargetDependency section */
		B0DD664084610EC811A455F5 /* PBXTargetDependency */ = {
			isa = PBXTargetDependency;
			target = DB78423E5A04CC3DD24EC47D /* HiAir */;
			targetProxy = 286CEACA5D460563DF4D83E7 /* PBXContainerItemProxy */;
		};
/* End PBXTargetDependency section */

/* Begin XCBuildConfiguration section */
		13DE2FD2F4BB9D8A13D8E437 /* Release */ = {
			isa = XCBuildConfiguration;
			buildSettings = {
				ASSETCATALOG_COMPILER_APPICON_NAME = AppIcon;
				CODE_SIGN_ENTITLEMENTS = HiAir/HiAir.entitlements;
				CODE_SIGN_IDENTITY = "iPhone Developer";
				CODE_SIGN_STYLE = Automatic;
				CURRENT_PROJECT_VERSION = 10;
				DEVELOPMENT_TEAM = 43A4KW5BKB;
				GENERATE_INFOPLIST_FILE = YES;
				INFOPLIST_KEY_API_BASE_URL = "https://api.hiair.io";
				INFOPLIST_KEY_CFBundleDisplayName = HiAir;
				INFOPLIST_KEY_CFBundleURLTypes = (
					{
						CFBundleURLName = com.hiair.app.auth;
						CFBundleURLSchemes = (
							hiair,
						);
					},
				);
				INFOPLIST_KEY_HIAIR_AUTH_REDIRECT_URI = "hiair://auth/callback";
				INFOPLIST_KEY_ITSAppUsesNonExemptEncryption = NO;
				INFOPLIST_KEY_LSApplicationQueriesSchemes = (
					"x-apple-health",
				);
				INFOPLIST_KEY_NSHealthShareUsageDescription = "HiAir reads steps and heart rate to estimate personal activity load during heat and poor air quality. HiAir provides wellness guidance, not medical diagnosis.";
				INFOPLIST_KEY_NSHealthUpdateUsageDescription = "HiAir connects to Apple Health to read steps and heart rate for personal activity insights. HiAir does not write health data to Apple Health.";
				INFOPLIST_KEY_NSLocationWhenInUseUsageDescription = "HiAir uses your location to estimate heat and air-quality risk for your area and personalize local guidance.";
				INFOPLIST_KEY_SUPABASE_ANON_KEY = "eyJhbGciOiJIUzI1NiIsInR5cCI6IkpXVCJ9.eyJpc3MiOiJzdXBhYmFzZSIsInJlZiI6InFoeGVzYWVtbGh6d2J1bnBxam9vIiwicm9sZSI6ImFub24iLCJpYXQiOjE3Nzk3Nzk5MzgsImV4cCI6MjA5NTM1NTkzOH0.B9TOtpcqQZS81Sx5vlRyN3nhxZTWQWzaqZ-F8RFbCZw";
				INFOPLIST_KEY_SUPABASE_URL = "https://qhxesaemlhzwbunpqjoo.supabase.co";
				INFOPLIST_KEY_UIApplicationSceneManifest_Generation = YES;
				INFOPLIST_KEY_UILaunchStoryboardName = LaunchScreen;
				INFOPLIST_KEY_UIRequiresFullScreen = YES;
				INFOPLIST_KEY_UISupportedInterfaceOrientations_iPhone = (
					UIInterfaceOrientationPortrait,
				);
				IPHONEOS_DEPLOYMENT_TARGET = 16.0;
				LD_RUNPATH_SEARCH_PATHS = (
					"$(inherited)",
					"@executable_path/Frameworks",
				);
				MARKETING_VERSION = 0.1.0;
				PRODUCT_BUNDLE_IDENTIFIER = com.hiair.app;
				SDKROOT = iphoneos;
				SWIFT_VERSION = 5.0;
				TARGETED_DEVICE_FAMILY = "1,2";
			};
			name = Release;
		};
		86591043C4510CF498E79A92 /* Debug */ = {
			isa = XCBuildConfiguration;
			buildSettings = {
				BUNDLE_LOADER = "$(TEST_HOST)";
				IPHONEOS_DEPLOYMENT_TARGET = 16.0;
				LD_RUNPATH_SEARCH_PATHS = (
					"$(inherited)",
					"@executable_path/Frameworks",
					"@loader_path/Frameworks",
				);
				PRODUCT_BUNDLE_IDENTIFIER = com.hiair.app.tests;
				SDKROOT = iphoneos;
				SWIFT_VERSION = 5.0;
				TARGETED_DEVICE_FAMILY = "1,2";
				TEST_HOST = "$(BUILT_PRODUCTS_DIR)/HiAir.app/HiAir";
			};
			name = Debug;
		};
		97AC12AFF3260904AD792FD2 /* Debug */ = {
			isa = XCBuildConfiguration;
			buildSettings = {
				ASSETCATALOG_COMPILER_APPICON_NAME = AppIcon;
				"CODE_SIGNING_ALLOWED[sdk=iphoneos*]" = NO;
				"CODE_SIGNING_REQUIRED[sdk=iphoneos*]" = NO;
				CODE_SIGN_ENTITLEMENTS = HiAir/HiAir.entitlements;
				CODE_SIGN_IDENTITY = "iPhone Developer";
				CODE_SIGN_STYLE = Automatic;
				CURRENT_PROJECT_VERSION = 10;
				DEVELOPMENT_TEAM = 43A4KW5BKB;
				GENERATE_INFOPLIST_FILE = YES;
				INFOPLIST_KEY_API_BASE_URL = "http://127.0.0.1:8000";
				INFOPLIST_KEY_CFBundleDisplayName = HiAir;
				INFOPLIST_KEY_CFBundleURLTypes = (
					{
						CFBundleURLName = com.hiair.app.auth;
						CFBundleURLSchemes = (
							hiair,
						);
					},
				);
				INFOPLIST_KEY_HIAIR_AUTH_REDIRECT_URI = "hiair://auth/callback";
				INFOPLIST_KEY_ITSAppUsesNonExemptEncryption = NO;
				INFOPLIST_KEY_LSApplicationQueriesSchemes = (
					"x-apple-health",
				);
				INFOPLIST_KEY_NSAppTransportSecurity_NSAllowsArbitraryLoads = YES;
				INFOPLIST_KEY_NSHealthShareUsageDescription = "HiAir reads steps and heart rate to estimate personal activity load during heat and poor air quality. HiAir provides wellness guidance, not medical diagnosis.";
				INFOPLIST_KEY_NSHealthUpdateUsageDescription = "HiAir connects to Apple Health to read steps and heart rate for personal activity insights. HiAir does not write health data to Apple Health.";
				INFOPLIST_KEY_NSLocationWhenInUseUsageDescription = "HiAir uses your location to estimate heat and air-quality risk for your area and personalize local guidance.";
				INFOPLIST_KEY_SUPABASE_ANON_KEY = "eyJhbGciOiJIUzI1NiIsInR5cCI6IkpXVCJ9.eyJpc3MiOiJzdXBhYmFzZSIsInJlZiI6InFoeGVzYWVtbGh6d2J1bnBxam9vIiwicm9sZSI6ImFub24iLCJpYXQiOjE3Nzk3Nzk5MzgsImV4cCI6MjA5NTM1NTkzOH0.B9TOtpcqQZS81Sx5vlRyN3nhxZTWQWzaqZ-F8RFbCZw";
				INFOPLIST_KEY_SUPABASE_URL = "https://qhxesaemlhzwbunpqjoo.supabase.co";
				INFOPLIST_KEY_UIApplicationSceneManifest_Generation = YES;
				INFOPLIST_KEY_UILaunchStoryboardName = LaunchScreen;
				INFOPLIST_KEY_UIRequiresFullScreen = YES;
				INFOPLIST_KEY_UISupportedInterfaceOrientations_iPhone = (
					UIInterfaceOrientationPortrait,
				);
				IPHONEOS_DEPLOYMENT_TARGET = 16.0;
				LD_RUNPATH_SEARCH_PATHS = (
					"$(inherited)",
					"@executable_path/Frameworks",
				);
				MARKETING_VERSION = 0.1.0;
				PRODUCT_BUNDLE_IDENTIFIER = com.hiair.app;
				SDKROOT = iphoneos;
				SWIFT_VERSION = 5.0;
				TARGETED_DEVICE_FAMILY = "1,2";
			};
			name = Debug;
		};
		A5568162476991AD84DA3538 /* Release */ = {
			isa = XCBuildConfiguration;
			buildSettings = {
				BUNDLE_LOADER = "$(TEST_HOST)";
				IPHONEOS_DEPLOYMENT_TARGET = 16.0;
				LD_RUNPATH_SEARCH_PATHS = (
					"$(inherited)",
					"@executable_path/Frameworks",
					"@loader_path/Frameworks",
				);
				PRODUCT_BUNDLE_IDENTIFIER = com.hiair.app.tests;
				SDKROOT = iphoneos;
				SWIFT_VERSION = 5.0;
				TARGETED_DEVICE_FAMILY = "1,2";
				TEST_HOST = "$(BUILT_PRODUCTS_DIR)/HiAir.app/HiAir";
			};
			name = Release;
		};
		EDE1803A3F36CA63FEC1E1A0 /* Debug */ = {
			isa = XCBuildConfiguration;
			buildSettings = {
				ALWAYS_SEARCH_USER_PATHS = NO;
				CLANG_ANALYZER_NONNULL = YES;
				CLANG_ANALYZER_NUMBER_OBJECT_CONVERSION = YES_AGGRESSIVE;
				CLANG_CXX_LANGUAGE_STANDARD = "gnu++14";
				CLANG_CXX_LIBRARY = "libc++";
				CLANG_ENABLE_MODULES = YES;
				CLANG_ENABLE_OBJC_ARC = YES;
				CLANG_ENABLE_OBJC_WEAK = YES;
				CLANG_WARN_BLOCK_CAPTURE_AUTORELEASING = YES;
				CLANG_WARN_BOOL_CONVERSION = YES;
				CLANG_WARN_COMMA = YES;
				CLANG_WARN_CONSTANT_CONVERSION = YES;
				CLANG_WARN_DEPRECATED_OBJC_IMPLEMENTATIONS = YES;
				CLANG_WARN_DIRECT_OBJC_ISA_USAGE = YES_ERROR;
				CLANG_WARN_DOCUMENTATION_COMMENTS = YES;
				CLANG_WARN_EMPTY_BODY = YES;
				CLANG_WARN_ENUM_CONVERSION = YES;
				CLANG_WARN_INFINITE_RECURSION = YES;
				CLANG_WARN_INT_CONVERSION = YES;
				CLANG_WARN_NON_LITERAL_NULL_CONVERSION = YES;
				CLANG_WARN_OBJC_IMPLICIT_RETAIN_SELF = YES;
				CLANG_WARN_OBJC_LITERAL_CONVERSION = YES;
				CLANG_WARN_OBJC_ROOT_CLASS = YES_ERROR;
				CLANG_WARN_QUOTED_INCLUDE_IN_FRAMEWORK_HEADER = YES;
				CLANG_WARN_RANGE_LOOP_ANALYSIS = YES;
				CLANG_WARN_STRICT_PROTOTYPES = YES;
				CLANG_WARN_SUSPICIOUS_MOVE = YES;
				CLANG_WARN_UNGUARDED_AVAILABILITY = YES_AGGRESSIVE;
				CLANG_WARN_UNREACHABLE_CODE = YES;
				CLANG_WARN__DUPLICATE_METHOD_MATCH = YES;
				COPY_PHASE_STRIP = NO;
				DEBUG_INFORMATION_FORMAT = dwarf;
				ENABLE_STRICT_OBJC_MSGSEND = YES;
				ENABLE_TESTABILITY = YES;
				GCC_C_LANGUAGE_STANDARD = gnu11;
				GCC_DYNAMIC_NO_PIC = NO;
				GCC_NO_COMMON_BLOCKS = YES;
				GCC_OPTIMIZATION_LEVEL = 0;
				GCC_PREPROCESSOR_DEFINITIONS = (
					"$(inherited)",
					"DEBUG=1",
				);
				GCC_WARN_64_TO_32_BIT_CONVERSION = YES;
				GCC_WARN_ABOUT_RETURN_TYPE = YES_ERROR;
				GCC_WARN_UNDECLARED_SELECTOR = YES;
				GCC_WARN_UNINITIALIZED_AUTOS = YES_AGGRESSIVE;
				GCC_WARN_UNUSED_FUNCTION = YES;
				GCC_WARN_UNUSED_VARIABLE = YES;
				MTL_ENABLE_DEBUG_INFO = INCLUDE_SOURCE;
				MTL_FAST_MATH = YES;
				ONLY_ACTIVE_ARCH = YES;
				PRODUCT_NAME = "$(TARGET_NAME)";
				SDKROOT = iphoneos;
				SWIFT_ACTIVE_COMPILATION_CONDITIONS = DEBUG;
				SWIFT_OPTIMIZATION_LEVEL = "-Onone";
				SWIFT_VERSION = 5.0;
			};
			name = Debug;
		};
		F85882E772D3F49945B8EE25 /* Release */ = {
			isa = XCBuildConfiguration;
			buildSettings = {
				ALWAYS_SEARCH_USER_PATHS = NO;
				CLANG_ANALYZER_NONNULL = YES;
				CLANG_ANALYZER_NUMBER_OBJECT_CONVERSION = YES_AGGRESSIVE;
				CLANG_CXX_LANGUAGE_STANDARD = "gnu++14";
				CLANG_CXX_LIBRARY = "libc++";
				CLANG_ENABLE_MODULES = YES;
				CLANG_ENABLE_OBJC_ARC = YES;
				CLANG_ENABLE_OBJC_WEAK = YES;
				CLANG_WARN_BLOCK_CAPTURE_AUTORELEASING = YES;
				CLANG_WARN_BOOL_CONVERSION = YES;
				CLANG_WARN_COMMA = YES;
				CLANG_WARN_CONSTANT_CONVERSION = YES;
				CLANG_WARN_DEPRECATED_OBJC_IMPLEMENTATIONS = YES;
				CLANG_WARN_DIRECT_OBJC_ISA_USAGE = YES_ERROR;
				CLANG_WARN_DOCUMENTATION_COMMENTS = YES;
				CLANG_WARN_EMPTY_BODY = YES;
				CLANG_WARN_ENUM_CONVERSION = YES;
				CLANG_WARN_INFINITE_RECURSION = YES;
				CLANG_WARN_INT_CONVERSION = YES;
				CLANG_WARN_NON_LITERAL_NULL_CONVERSION = YES;
				CLANG_WARN_OBJC_IMPLICIT_RETAIN_SELF = YES;
				CLANG_WARN_OBJC_LITERAL_CONVERSION = YES;
				CLANG_WARN_OBJC_ROOT_CLASS = YES_ERROR;
				CLANG_WARN_QUOTED_INCLUDE_IN_FRAMEWORK_HEADER = YES;
				CLANG_WARN_RANGE_LOOP_ANALYSIS = YES;
				CLANG_WARN_STRICT_PROTOTYPES = YES;
				CLANG_WARN_SUSPICIOUS_MOVE = YES;
				CLANG_WARN_UNGUARDED_AVAILABILITY = YES_AGGRESSIVE;
				CLANG_WARN_UNREACHABLE_CODE = YES;
				CLANG_WARN__DUPLICATE_METHOD_MATCH = YES;
				COPY_PHASE_STRIP = NO;
				DEBUG_INFORMATION_FORMAT = "dwarf-with-dsym";
				ENABLE_NS_ASSERTIONS = NO;
				ENABLE_STRICT_OBJC_MSGSEND = YES;
				GCC_C_LANGUAGE_STANDARD = gnu11;
				GCC_NO_COMMON_BLOCKS = YES;
				GCC_WARN_64_TO_32_BIT_CONVERSION = YES;
				GCC_WARN_ABOUT_RETURN_TYPE = YES_ERROR;
				GCC_WARN_UNDECLARED_SELECTOR = YES;
				GCC_WARN_UNINITIALIZED_AUTOS = YES_AGGRESSIVE;
				GCC_WARN_UNUSED_FUNCTION = YES;
				GCC_WARN_UNUSED_VARIABLE = YES;
				MTL_ENABLE_DEBUG_INFO = NO;
				MTL_FAST_MATH = YES;
				PRODUCT_NAME = "$(TARGET_NAME)";
				SDKROOT = iphoneos;
				SWIFT_COMPILATION_MODE = wholemodule;
				SWIFT_OPTIMIZATION_LEVEL = "-O";
				SWIFT_VERSION = 5.0;
			};
			name = Release;
		};
/* End XCBuildConfiguration section */

/* Begin XCConfigurationList section */
		23A6D3CBF2530C8575A3D5F9 /* Build configuration list for PBXNativeTarget "HiAirTests" */ = {
			isa = XCConfigurationList;
			buildConfigurations = (
				86591043C4510CF498E79A92 /* Debug */,
				A5568162476991AD84DA3538 /* Release */,
			);
			defaultConfigurationIsVisible = 0;
			defaultConfigurationName = Debug;
		};
		5BA18F77F6BDEA3C28B32B5F /* Build configuration list for PBXProject "HiAir" */ = {
			isa = XCConfigurationList;
			buildConfigurations = (
				EDE1803A3F36CA63FEC1E1A0 /* Debug */,
				F85882E772D3F49945B8EE25 /* Release */,
			);
			defaultConfigurationIsVisible = 0;
			defaultConfigurationName = Debug;
		};
		E3CC3305944485FBAF025122 /* Build configuration list for PBXNativeTarget "HiAir" */ = {
			isa = XCConfigurationList;
			buildConfigurations = (
				97AC12AFF3260904AD792FD2 /* Debug */,
				13DE2FD2F4BB9D8A13D8E437 /* Release */,
			);
			defaultConfigurationIsVisible = 0;
			defaultConfigurationName = Debug;
		};
/* End XCConfigurationList section */

/* Begin XCRemoteSwiftPackageReference section */
		5C7BA46821D6ADF33E9C5438 /* XCRemoteSwiftPackageReference "supabase-swift" */ = {
			isa = XCRemoteSwiftPackageReference;
			repositoryURL = "https://github.com/supabase/supabase-swift";
			requirement = {
				kind = upToNextMajorVersion;
				minimumVersion = 2.7.0;
			};
		};
/* End XCRemoteSwiftPackageReference section */

/* Begin XCSwiftPackageProductDependency section */
		24FF1ECAE002D133CC37DB22 /* Supabase */ = {
			isa = XCSwiftPackageProductDependency;
			package = 5C7BA46821D6ADF33E9C5438 /* XCRemoteSwiftPackageReference "supabase-swift" */;
			productName = Supabase;
		};
/* End XCSwiftPackageProductDependency section */
	};
	rootObject = 9DC4C2CEB0ECF82D8DDBA8FF /* Project object */;
}
